// !$*UTF8*$!
{
	archiveVersion = 1;
	classes = {
	};
	objectVersion = 46;
	objects = {

/* Begin PBXBuildFile section */
		CBC7796E1A118BE400CB0D34 /* AppDelegate.swift in Sources */ = {isa = PBXBuildFile; fileRef = CBC7796D1A118BE400CB0D34 /* AppDelegate.swift */; };
		CBC779701A118BE400CB0D34 /* ViewController.swift in Sources */ = {isa = PBXBuildFile; fileRef = CBC7796F1A118BE400CB0D34 /* ViewController.swift */; };
		CBC779731A118BE400CB0D34 /* Main.storyboard in Resources */ = {isa = PBXBuildFile; fileRef = CBC779711A118BE400CB0D34 /* Main.storyboard */; };
		CBC779751A118BE400CB0D34 /* Images.xcassets in Resources */ = {isa = PBXBuildFile; fileRef = CBC779741A118BE400CB0D34 /* Images.xcassets */; };
		CBC779781A118BE400CB0D34 /* LaunchScreen.xib in Resources */ = {isa = PBXBuildFile; fileRef = CBC779761A118BE400CB0D34 /* LaunchScreen.xib */; };
		CBC779841A118BE400CB0D34 /* LionsAndTigersTests.swift in Sources */ = {isa = PBXBuildFile; fileRef = CBC779831A118BE400CB0D34 /* LionsAndTigersTests.swift */; };
/* End PBXBuildFile section */

/* Begin PBXContainerItemProxy section */
		CBC7797E1A118BE400CB0D34 /* PBXContainerItemProxy */ = {
			isa = PBXContainerItemProxy;
			containerPortal = CBC779601A118BE400CB0D34 /* Project object */;
			proxyType = 1;
			remoteGlobalIDString = CBC779671A118BE400CB0D34;
			remoteInfo = LionsAndTigers;
		};
/* End PBXContainerItemProxy section */

/* Begin PBXFileReference section */
		CBC779681A118BE400CB0D34 /* LionsAndTigers.app */ = {isa = PBXFileReference; explicitFileType = wrapper.application; includeInIndex = 0; path = LionsAndTigers.app; sourceTree = BUILT_PRODUCTS_DIR; };
		CBC7796C1A118BE400CB0D34 /* Info.plist */ = {isa = PBXFileReference; lastKnownFileType = text.plist.xml; path = Info.plist; sourceTree = "<group>"; };
		CBC7796D1A118BE400CB0D34 /* AppDelegate.swift */ = {isa = PBXFileReference; lastKnownFileType = sourcecode.swift; path = AppDelegate.swift; sourceTree = "<group>"; };
		CBC7796F1A118BE400CB0D34 /* ViewController.swift */ = {isa = PBXFileReference; lastKnownFileType = sourcecode.swift; path = ViewController.swift; sourceTree = "<group>"; };
		CBC779721A118BE400CB0D34 /* Base */ = {isa = PBXFileReference; lastKnownFileType = file.storyboard; name = Base; path = Base.lproj/Main.storyboard; sourceTree = "<group>"; };
		CBC779741A118BE400CB0D34 /* Images.xcassets */ = {isa = PBXFileReference; lastKnownFileType = folder.assetcatalog; path = Images.xcassets; sourceTree = "<group>"; };
		CBC779771A118BE400CB0D34 /* Base */ = {isa = PBXFileReference; lastKnownFileType = file.xib; name = Base; path = Base.lproj/LaunchScreen.xib; sourceTree = "<group>"; };
		CBC7797D1A118BE400CB0D34 /* LionsAndTigersTests.xctest */ = {isa = PBXFileReference; explicitFileType = wrapper.cfbundle; includeInIndex = 0; path = LionsAndTigersTests.xctest; sourceTree = BUILT_PRODUCTS_DIR; };
		CBC779821A118BE400CB0D34 /* Info.plist */ = {isa = PBXFileReference; lastKnownFileType = text.plist.xml; path = Info.plist; sourceTree = "<group>"; };
		CBC779831A118BE400CB0D34 /* LionsAndTigersTests.swift */ = {isa = PBXFileReference; lastKnownFileType = sourcecode.swift; path = LionsAndTigersTests.swift; sourceTree = "<group>"; };
/* End PBXFileReference section */

/* Begin PBXFrameworksBuildPhase section */
		CBC779651A118BE400CB0D34 /* Frameworks */ = {
			isa = PBXFrameworksBuildPhase;
			buildActionMask = 2147483647;
			files = (
			);
			runOnlyForDeploymentPostprocessing = 0;
		};
		CBC7797A1A118BE400CB0D34 /* Frameworks */ = {
			isa = PBXFrameworksBuildPhase;
			buildActionMask = 2147483647;
			files = (
			);
			runOnlyForDeploymentPostprocessing = 0;
		};
/* End PBXFrameworksBuildPhase section */

/* Begin PBXGroup section */
		CBC7795F1A118BE400CB0D34 = {
			isa = PBXGroup;
			children = (
				CBC7796A1A118BE400CB0D34 /* LionsAndTigers */,
				CBC779801A118BE400CB0D34 /* LionsAndTigersTests */,
				CBC779691A118BE400CB0D34 /* Products */,
			);
			sourceTree = "<group>";
		};
		CBC779691A118BE400CB0D34 /* Products */ = {
			isa = PBXGroup;
			children = (
				CBC779681A118BE400CB0D34 /* LionsAndTigers.app */,
				CBC7797D1A118BE400CB0D34 /* LionsAndTigersTests.xctest */,
			);
			name = Products;
			sourceTree = "<group>";
		};
		CBC7796A1A118BE400CB0D34 /* LionsAndTigers */ = {
			isa = PBXGroup;
			children = (
				CBC7796D1A118BE400CB0D34 /* AppDelegate.swift */,
				CBC7796F1A118BE400CB0D34 /* ViewController.swift */,
				CBC779711A118BE400CB0D34 /* Main.storyboard */,
				CBC779741A118BE400CB0D34 /* Images.xcassets */,
				CBC779761A118BE400CB0D34 /* LaunchScreen.xib */,
				CBC7796B1A118BE400CB0D34 /* Supporting Files */,
			);
			path = LionsAndTigers;
			sourceTree = "<group>";
		};
		CBC7796B1A118BE400CB0D34 /* Supporting Files */ = {
			isa = PBXGroup;
			children = (
				CBC7796C1A118BE400CB0D34 /* Info.plist */,
			);
			name = "Supporting Files";
			sourceTree = "<group>";
		};
		CBC779801A118BE400CB0D34 /* LionsAndTigersTests */ = {
			isa = PBXGroup;
			children = (
				CBC779831A118BE400CB0D34 /* LionsAndTigersTests.swift */,
				CBC779811A118BE400CB0D34 /* Supporting Files */,
			);
			path = LionsAndTigersTests;
			sourceTree = "<group>";
		};
		CBC779811A118BE400CB0D34 /* Supporting Files */ = {
			isa = PBXGroup;
			children = (
				CBC779821A118BE400CB0D34 /* Info.plist */,
			);
			name = "Supporting Files";
			sourceTree = "<group>";
		};
/* End PBXGroup section */

/* Begin PBXNativeTarget section */
		CBC779671A118BE400CB0D34 /* LionsAndTigers */ = {
			isa = PBXNativeTarget;
			buildConfigurationList = CBC779871A118BE400CB0D34 /* Build configuration list for PBXNativeTarget "LionsAndTigers" */;
			buildPhases = (
				CBC779641A118BE400CB0D34 /* Sources */,
				CBC779651A118BE400CB0D34 /* Frameworks */,
				CBC779661A118BE400CB0D34 /* Resources */,
			);
			buildRules = (
			);
			dependencies = (
			);
			name = LionsAndTigers;
			productName = LionsAndTigers;
			productReference = CBC779681A118BE400CB0D34 /* LionsAndTigers.app */;
			productType = "com.apple.product-type.application";
		};
		CBC7797C1A118BE400CB0D34 /* LionsAndTigersTests */ = {
			isa = PBXNativeTarget;
			buildConfigurationList = CBC7798A1A118BE400CB0D34 /* Build configuration list for PBXNativeTarget "LionsAndTigersTests" */;
			buildPhases = (
				CBC779791A118BE400CB0D34 /* Sources */,
				CBC7797A1A118BE400CB0D34 /* Frameworks */,
				CBC7797B1A118BE400CB0D34 /* Resources */,
			);
			buildRules = (
			);
			dependencies = (
				CBC7797F1A118BE400CB0D34 /* PBXTargetDependency */,
			);
			name = LionsAndTigersTests;
			productName = LionsAndTigersTests;
			productReference = CBC7797D1A118BE400CB0D34 /* LionsAndTigersTests.xctest */;
			productType = "com.apple.product-type.bundle.unit-test";
		};
/* End PBXNativeTarget section */

/* Begin PBXProject section */
		CBC779601A118BE400CB0D34 /* Project object */ = {
			isa = PBXProject;
			attributes = {
				LastUpgradeCheck = 0610;
				ORGANIZATIONNAME = "Charlie Franklin";
				TargetAttributes = {
					CBC779671A118BE400CB0D34 = {
						CreatedOnToolsVersion = 6.1;
					};
					CBC7797C1A118BE400CB0D34 = {
						CreatedOnToolsVersion = 6.1;
						TestTargetID = CBC779671A118BE400CB0D34;
					};
				};
			};
			buildConfigurationList = CBC779631A118BE400CB0D34 /* Build configuration list for PBXProject "LionsAndTigers" */;
			compatibilityVersion = "Xcode 3.2";
			developmentRegion = English;
			hasScannedForEncodings = 0;
			knownRegions = (
				en,
				Base,
			);
			mainGroup = CBC7795F1A118BE400CB0D34;
			productRefGroup = CBC779691A118BE400CB0D34 /* Products */;
			projectDirPath = "";
			projectRoot = "";
			targets = (
				CBC779671A118BE400CB0D34 /* LionsAndTigers */,
				CBC7797C1A118BE400CB0D34 /* LionsAndTigersTests */,
			);
		};
/* End PBXProject section */

/* Begin PBXResourcesBuildPhase section */
		CBC779661A118BE400CB0D34 /* Resources */ = {
			isa = PBXResourcesBuildPhase;
			buildActionMask = 2147483647;
			files = (
				CBC779731A118BE400CB0D34 /* Main.storyboard in Resources */,
				CBC779781A118BE400CB0D34 /* LaunchScreen.xib in Resources */,
				CBC779751A118BE400CB0D34 /* Images.xcassets in Resources */,
			);
			runOnlyForDeploymentPostprocessing = 0;
		};
		CBC7797B1A118BE400CB0D34 /* Resources */ = {
			isa = PBXResourcesBuildPhase;
			buildActionMask = 2147483647;
			files = (
			);
			runOnlyForDeploymentPostprocessing = 0;
		};
/* End PBXResourcesBuildPhase section */

/* Begin PBXSourcesBuildPhase section */
		CBC779641A118BE400CB0D34 /* Sources */ = {
			isa = PBXSourcesBuildPhase;
			buildActionMask = 2147483647;
			files = (
				CBC779701A118BE400CB0D34 /* ViewController.swift in Sources */,
				CBC7796E1A118BE400CB0D34 /* AppDelegate.swift in Sources */,
			);
			runOnlyForDeploymentPostprocessing = 0;
		};
		CBC779791A118BE400CB0D34 /* Sources */ = {
			isa = PBXSourcesBuildPhase;
			buildActionMask = 2147483647;
			files = (
				CBC779841A118BE400CB0D34 /* LionsAndTigersTests.swift in Sources */,
			);
			runOnlyForDeploymentPostprocessing = 0;
		};
/* End PBXSourcesBuildPhase section */

/* Begin PBXTargetDependency section */
		CBC7797F1A118BE400CB0D34 /* PBXTargetDependency */ = {
			isa = PBXTargetDependency;
			target = CBC779671A118BE400CB0D34 /* LionsAndTigers */;
			targetProxy = CBC7797E1A118BE400CB0D34 /* PBXContainerItemProxy */;
		};
/* End PBXTargetDependency section */

/* Begin PBXVariantGroup section */
		CBC779711A118BE400CB0D34 /* Main.storyboard */ = {
			isa = PBXVariantGroup;
			children = (
				CBC779721A118BE400CB0D34 /* Base */,
			);
			name = Main.storyboard;
			sourceTree = "<group>";
		};
		CBC779761A118BE400CB0D34 /* LaunchScreen.xib */ = {
			isa = PBXVariantGroup;
			children = (
				CBC779771A118BE400CB0D34 /* Base */,
			);
			name = LaunchScreen.xib;
			sourceTree = "<group>";
		};
/* End PBXVariantGroup section */

/* Begin XCBuildConfiguration section */
		CBC779851A118BE400CB0D34 /* Debug */ = {
			isa = XCBuildConfiguration;
			buildSettings = {
				ALWAYS_SEARCH_USER_PATHS = NO;
				CLANG_CXX_LANGUAGE_STANDARD = "gnu++0x";
				CLANG_CXX_LIBRARY = "libc++";
				CLANG_ENABLE_MODULES = YES;
				CLANG_ENABLE_OBJC_ARC = YES;
				CLANG_WARN_BOOL_CONVERSION = YES;
				CLANG_WARN_CONSTANT_CONVERSION = YES;
				CLANG_WARN_DIRECT_OBJC_ISA_USAGE = YES_ERROR;
				CLANG_WARN_EMPTY_BODY = YES;
				CLANG_WARN_ENUM_CONVERSION = YES;
				CLANG_WARN_INT_CONVERSION = YES;
				CLANG_WARN_OBJC_ROOT_CLASS = YES_ERROR;
				CLANG_WARN_UNREACHABLE_CODE = YES;
				CLANG_WARN__DUPLICATE_METHOD_MATCH = YES;
				"CODE_SIGN_IDENTITY[sdk=iphoneos*]" = "iPhone Developer";
				COPY_PHASE_STRIP = NO;
				ENABLE_STRICT_OBJC_MSGSEND = YES;
				GCC_C_LANGUAGE_STANDARD = gnu99;
				GCC_DYNAMIC_NO_PIC = NO;
				GCC_OPTIMIZATION_LEVEL = 0;
				GCC_PREPROCESSOR_DEFINITIONS = (
					"DEBUG=1",
					"$(inherited)",
				);
				GCC_SYMBOLS_PRIVATE_EXTERN = NO;
				GCC_WARN_64_TO_32_BIT_CONVERSION = YES;
				GCC_WARN_ABOUT_RETURN_TYPE = YES_ERROR;
				GCC_WARN_UNDECLARED_SELECTOR = YES;
				GCC_WARN_UNINITIALIZED_AUTOS = YES_AGGRESSIVE;
				GCC_WARN_UNUSED_FUNCTION = YES;
				GCC_WARN_UNUSED_VARIABLE = YES;
				IPHONEOS_DEPLOYMENT_TARGET = 8.1;
				MTL_ENABLE_DEBUG_INFO = YES;
				ONLY_ACTIVE_ARCH = YES;
				SDKROOT = iphoneos;
				SWIFT_OPTIMIZATION_LEVEL = "-Onone";
				TARGETED_DEVICE_FAMILY = "1,2";
			};
			name = Debug;
		};
		CBC779861A118BE400CB0D34 /* Release */ = {
			isa = XCBuildConfiguration;
			buildSettings = {
				ALWAYS_SEARCH_USER_PATHS = NO;
				CLANG_CXX_LANGUAGE_STANDARD = "gnu++0x";
				CLANG_CXX_LIBRARY = "libc++";
				CLANG_ENABLE_MODULES = YES;
				CLANG_ENABLE_OBJC_ARC = YES;
				CLANG_WARN_BOOL_CONVERSION = YES;
				CLANG_WARN_CONSTANT_CONVERSION = YES;
				CLANG_WARN_DIRECT_OBJC_ISA_USAGE = YES_ERROR;
				CLANG_WARN_EMPTY_BODY = YES;
				CLANG_WARN_ENUM_CONVERSION = YES;
				CLANG_WARN_INT_CONVERSION = YES;
				CLANG_WARN_OBJC_ROOT_CLASS = YES_ERROR;
				CLANG_WARN_UNREACHABLE_CODE = YES;
				CLANG_WARN__DUPLICATE_METHOD_MATCH = YES;
				"CODE_SIGN_IDENTITY[sdk=iphoneos*]" = "iPhone Developer";
				COPY_PHASE_STRIP = YES;
				ENABLE_NS_ASSERTIONS = NO;
				ENABLE_STRICT_OBJC_MSGSEND = YES;
				GCC_C_LANGUAGE_STANDARD = gnu99;
				GCC_WARN_64_TO_32_BIT_CONVERSION = YES;
				GCC_WARN_ABOUT_RETURN_TYPE = YES_ERROR;
				GCC_WARN_UNDECLARED_SELECTOR = YES;
				GCC_WARN_UNINITIALIZED_AUTOS = YES_AGGRESSIVE;
				GCC_WARN_UNUSED_FUNCTION = YES;
				GCC_WARN_UNUSED_VARIABLE = YES;
				IPHONEOS_DEPLOYMENT_TARGET = 8.1;
				MTL_ENABLE_DEBUG_INFO = NO;
				SDKROOT = iphoneos;
				TARGETED_DEVICE_FAMILY = "1,2";
				VALIDATE_PRODUCT = YES;
			};
			name = Release;
		};
		CBC779881A118BE400CB0D34 /* Debug */ = {
			isa = XCBuildConfiguration;
			buildSettings = {
				ASSETCATALOG_COMPILER_APPICON_NAME = AppIcon;
				INFOPLIST_FILE = LionsAndTigers/Info.plist;
				LD_RUNPATH_SEARCH_PATHS = "$(inherited) @executable_path/Frameworks";
				PRODUCT_NAME = "$(TARGET_NAME)";
			};
			name = Debug;
		};
		CBC779891A118BE400CB0D34 /* Release */ = {
			isa = XCBuildConfiguration;
			buildSettings = {
				ASSETCATALOG_COMPILER_APPICON_NAME = AppIcon;
				INFOPLIST_FILE = LionsAndTigers/Info.plist;
				LD_RUNPATH_SEARCH_PATHS = "$(inherited) @executable_path/Frameworks";
				PRODUCT_NAME = "$(TARGET_NAME)";
			};
			name = Release;
		};
		CBC7798B1A118BE400CB0D34 /* Debug */ = {
			isa = XCBuildConfiguration;
			buildSettings = {
				BUNDLE_LOADER = "$(TEST_HOST)";
				FRAMEWORK_SEARCH_PATHS = (
					"$(SDKROOT)/Developer/Library/Frameworks",
					"$(inherited)",
				);
				GCC_PREPROCESSOR_DEFINITIONS = (
					"DEBUG=1",
					"$(inherited)",
				);
				INFOPLIST_FILE = LionsAndTigersTests/Info.plist;
				LD_RUNPATH_SEARCH_PATHS = "$(inherited) @executable_path/Frameworks @loader_path/Frameworks";
				PRODUCT_NAME = "$(TARGET_NAME)";
				TEST_HOST = "$(BUILT_PRODUCTS_DIR)/LionsAndTigers.app/LionsAndTigers";
			};
			name = Debug;
		};
		CBC7798C1A118BE400CB0D34 /* Release */ = {
			isa = XCBuildConfiguration;
			buildSettings = {
				BUNDLE_LOADER = "$(TEST_HOST)";
				FRAMEWORK_SEARCH_PATHS = (
					"$(SDKROOT)/Developer/Library/Frameworks",
					"$(inherited)",
				);
				INFOPLIST_FILE = LionsAndTigersTests/Info.plist;
				LD_RUNPATH_SEARCH_PATHS = "$(inherited) @executable_path/Frameworks @loader_path/Frameworks";
				PRODUCT_NAME = "$(TARGET_NAME)";
				TEST_HOST = "$(BUILT_PRODUCTS_DIR)/LionsAndTigers.app/LionsAndTigers";
			};
			name = Release;
		};
/* End XCBuildConfiguration section */

/* Begin XCConfigurationList section */
		CBC779631A118BE400CB0D34 /* Build configuration list for PBXProject "LionsAndTigers" */ = {
			isa = XCConfigurationList;
			buildConfigurations = (
				CBC779851A118BE400CB0D34 /* Debug */,
				CBC779861A118BE400CB0D34 /* Release */,
			);
			defaultConfigurationIsVisible = 0;
			defaultConfigurationName = Release;
		};
		CBC779871A118BE400CB0D34 /* Build configuration list for PBXNativeTarget "LionsAndTigers" */ = {
			isa = XCConfigurationList;
			buildConfigurations = (
				CBC779881A118BE400CB0D34 /* Debug */,
				CBC779891A118BE400CB0D34 /* Release */,
			);
			defaultConfigurationIsVisible = 0;
		};
		CBC7798A1A118BE400CB0D34 /* Build configuration list for PBXNativeTarget "LionsAndTigersTests" */ = {
			isa = XCConfigurationList;
			buildConfigurations = (
				CBC7798B1A118BE400CB0D34 /* Debug */,
				CBC7798C1A118BE400CB0D34 /* Release */,
			);
			defaultConfigurationIsVisible = 0;
		};
/* End XCConfigurationList section */
	};
	rootObject = CBC779601A118BE400CB0D34 /* Project object */;
}
